
Microsoft Visual Studio Solution File, Format Version 12.00
# Visual Studio Version 16
VisualStudioVersion = 25.0.1706.8
MinimumVisualStudioVersion = 10.0.40219.1
Project("{FAE04EC0-301F-11D3-BF4B-00C04F79EFBC}") = "Assembly-CSharp", "Assembly-CSharp.csproj", "{FE16E92A-28D9-EA19-D5A4-10514C958B90}"
EndProject
Global
	GlobalSection(SolutionConfigurationPlatforms) = preSolution
		Debug|Any CPU = Debug|Any CPU
		Release|Any CPU = Release|Any CPU
	EndGlobalSection
	GlobalSection(ProjectConfigurationPlatforms) = postSolution
		{FE16E92A-28D9-EA19-D5A4-10514C958B90}.Debug|Any CPU.ActiveCfg = Debug|Any CPU
		{FE16E92A-28D9-EA19-D5A4-10514C958B90}.Debug|Any CPU.Build.0 = Debug|Any CPU
		{FE16E92A-28D9-EA19-D5A4-10514C958B90}.Release|Any CPU.ActiveCfg = Release|Any CPU
		{FE16E92A-28D9-EA19-D5A4-10514C958B90}.Release|Any CPU.Build.0 = Release|Any CPU
	EndGlobalSection
	GlobalSection(SolutionProperties) = preSolution
		HideSolutionNode = FALSE
	EndGlobalSection
	GlobalSection(ExtensibilityGlobals) = postSolution
		SolutionGuid = {66B357C5-93AA-4906-9BE7-8AD53F84351D}
	EndGlobalSection
EndGlobal
